github.com/a-h/templ v0.2.476 h1:+H4hP4CwK4kfJwXsE6kHeFWMGtcVOVoOm/I64uzARBk=
github.com/a-h/templ v0.2.476/go.mod h1:zQ95mSyadNTGHv6k5Fm+wQU8zkBMMbHCHg7eAvUZKNM=
github.com/felixge/httpsnoop v1.0.1 h1:lvB5Jl89CsZtGIWuTcDM1E/vkVs49/Ml7JJe07l8SPQ=
github.com/felixge/httpsnoop v1.0.1/go.mod h1:m8KPJKqk1gH5J9DgRY2ASl2lWCfGKXixSwevea8zH2U=
github.com/go-rel/mysql v0.11.0 h1:wBdl1QBQllaWzMLovDmqFwoNAo4vmfDz9h8GhjM1tS4=
github.com/go-rel/mysql v0.11.0/go.mod h1:Q1Xa47BIyoeDfv5nFXo6VCEWwjpWpOX5wJnUAYOz4HA=
github.com/go-rel/rel v0.41.0 h1:21+n3QwPm1w193n9f+WB0LKDJxWS6bG3jO0DGqFCb7c=
github.com/go-rel/rel v0.41.0/go.mod h1:6opWRxsoHoDq67fIDnsmcmnojpskWpPqCs0AoL/UrEU=
github.com/go-rel/sql v0.16.0 h1:6k+eYAMSwBsKFXLHQFpPplMjWQJf6DMUPlTxwWoR/l8=
github.com/go-rel/sql v0.16.0/go.mod h1:jPTiMPVdiNqsNnho1g7daKXW8cofViB/gcGXlMdNBac=
github.com/go-sql-driver/mysql v1.7.1 h1:lUIinVbN1DY0xBg0eMOzmmtGoHwWBbvnWubQUrtU8EI=
github.com/go-sql-driver/mysql v1.7.1/go.mod h1:OXbVy3sEdcQ2Doequ6Z5BW6fXNQTmx+9S1MCJN5yJMI=
github.com/golang-jwt/jwt/v5 v5.2.0 h1:d/ix8ftRUorsN+5eMIlF4T6J8CAt9rch3My2winC1Jw=
github.com/golang-jwt/jwt/v5 v5.2.0/go.mod h1:pqrtFR0X4osieyHYxtmOUWsAWrfe1Q5UVIyoH402zdk=
github.com/gorilla/handlers v1.5.1 h1:9lRY6j8DEeeBT10CvO9hGW0gmky0BprnvDI5vfhUHH4=
github.com/gorilla/handlers v1.5.1/go.mod h1:t8XrUpc4KVXb7HGyJ4/cEnwQiaxrX/hz1Zv/4g96P1Q=
github.com/gorilla/mux v1.8.0 h1:i40aqfkR1h2SlN9hojwV5ZA91wcXFOvkdNIeFDP5koI=
github.com/gorilla/mux v1.8.0/go.mod h1:DVbg23sWSpFRCP0SfiEN6jmj59UnW/n46BH5rLB71So=
github.com/gorilla/securecookie v1.1.1 h1:miw7JPhV+b/lAHSXz4qd/nN9jRiAFV5FwjeKyCS8BvQ=
github.com/gorilla/securecookie v1.1.1/go.mod h1:ra0sb63/xPlUeL+yeDciTfxMRAA+MP+HVt/4epWDjd4=
github.com/gorilla/sessions v1.2.1 h1:DHd3rPN5lE3Ts3D8rKkQ8x/0kqfeNmBAaiSi+o7FsgI=
github.com/gorilla/sessions v1.2.1/go.mod h1:dk2InVEVJ0sfLlnXv9EAgkf6ecYs/i80K/zI+bUmuGM=
github.com/jinzhu/inflection v1.0.0 h1:K317FqzuhWc8YvSVlFMCCUb36O/S9MCKRDI7QkRKD/E=
github.com/jinzhu/inflection v1.0.0/go.mod h1:h+uFLlag+Qp1Va5pdKtLDYj+kHp5pxUVkryuEj+Srlc=
github.com/joho/godotenv v1.5.1 h1:7eLL/+HRGLY0ldzfGMeQkb7vMd0as4CfYvUVzLqw0N0=
github.com/joho/godotenv v1.5.1/go.mod h1:f4LDr5Voq0i2e/R5DDNOoa2zzDfwtkZa6DnEwAbqwq4=
github.com/serenize/snaker v0.0.0-20201027110005-a7ad2135616e h1:zWKUYT07mGmVBH+9UgnHXd/ekCK99C8EbDSAt5qsjXE=
github.com/serenize/snaker v0.0.0-20201027110005-a7ad2135616e/go.mod h1:Yow6lPLSAXx2ifx470yD/nUe22Dv5vBvxK/UK9UUTVs=
golang.org/x/crypto v0.17.0 h1:r8bRNjWL3GshPW3gkd+RpvzWrZAwPS49OmTGZ/uhM4k=
golang.org/x/crypto v0.17.0/go.mod h1:gCAAfMLgwOJRpTjQ2zCCt2OcSfYMTeZVSRtQlPC7Nq4=
